
Microsoft Visual Studio Solution File, Format Version 12.00
# Visual Studio Version 17
VisualStudioVersion = 17.7.34221.43
MinimumVisualStudioVersion = 10.0.40219.1
Project("{FAE04EC0-301F-11D3-BF4B-00C04F79EFBC}") = "exercise1", "exercise1\exercise1.csproj", "{44BC51F9-3EB0-43A5-AFCA-5AB3207A506A}"
EndProject
Project("{FAE04EC0-301F-11D3-BF4B-00C04F79EFBC}") = "exercise2", "..\exercise2\exercise2.csproj", "{303A758F-5609-4D1A-8C64-FD1C33E172F7}"
EndProject
Project("{FAE04EC0-301F-11D3-BF4B-00C04F79EFBC}") = "exercise3", "..\exercise3\exercise3.csproj", "{A7C34402-819B-4C16-BD6E-6ACA47BC4186}"
EndProject
Project("{FAE04EC0-301F-11D3-BF4B-00C04F79EFBC}") = "exercise4", "..\exercise4\exercise4.csproj", "{224D968A-C33A-4BC4-97BB-E5E06B01F8B3}"
EndProject
Project("{FAE04EC0-301F-11D3-BF4B-00C04F79EFBC}") = "exercise5", "..\exercise5\exercise5.csproj", "{C9D2D63D-784C-42E7-BCE0-A2BC6371E52C}"
EndProject
Project("{FAE04EC0-301F-11D3-BF4B-00C04F79EFBC}") = "exercise6", "..\exercise6\exercise6.csproj", "{056A86DE-DE5D-45C0-B739-CDA29FE7AA8F}"
EndProject
Global
	GlobalSection(SolutionConfigurationPlatforms) = preSolution
		Debug|Any CPU = Debug|Any CPU
		Release|Any CPU = Release|Any CPU
	EndGlobalSection
	GlobalSection(ProjectConfigurationPlatforms) = postSolution
		{44BC51F9-3EB0-43A5-AFCA-5AB3207A506A}.Debug|Any CPU.ActiveCfg = Debug|Any CPU
		{44BC51F9-3EB0-43A5-AFCA-5AB3207A506A}.Debug|Any CPU.Build.0 = Debug|Any CPU
		{44BC51F9-3EB0-43A5-AFCA-5AB3207A506A}.Release|Any CPU.ActiveCfg = Release|Any CPU
		{44BC51F9-3EB0-43A5-AFCA-5AB3207A506A}.Release|Any CPU.Build.0 = Release|Any CPU
		{303A758F-5609-4D1A-8C64-FD1C33E172F7}.Debug|Any CPU.ActiveCfg = Debug|Any CPU
		{303A758F-5609-4D1A-8C64-FD1C33E172F7}.Debug|Any CPU.Build.0 = Debug|Any CPU
		{303A758F-5609-4D1A-8C64-FD1C33E172F7}.Release|Any CPU.ActiveCfg = Release|Any CPU
		{303A758F-5609-4D1A-8C64-FD1C33E172F7}.Release|Any CPU.Build.0 = Release|Any CPU
		{A7C34402-819B-4C16-BD6E-6ACA47BC4186}.Debug|Any CPU.ActiveCfg = Debug|Any CPU
		{A7C34402-819B-4C16-BD6E-6ACA47BC4186}.Debug|Any CPU.Build.0 = Debug|Any CPU
		{A7C34402-819B-4C16-BD6E-6ACA47BC4186}.Release|Any CPU.ActiveCfg = Release|Any CPU
		{A7C34402-819B-4C16-BD6E-6ACA47BC4186}.Release|Any CPU.Build.0 = Release|Any CPU
		{224D968A-C33A-4BC4-97BB-E5E06B01F8B3}.Debug|Any CPU.ActiveCfg = Debug|Any CPU
		{224D968A-C33A-4BC4-97BB-E5E06B01F8B3}.Debug|Any CPU.Build.0 = Debug|Any CPU
		{224D968A-C33A-4BC4-97BB-E5E06B01F8B3}.Release|Any CPU.ActiveCfg = Release|Any CPU
		{224D968A-C33A-4BC4-97BB-E5E06B01F8B3}.Release|Any CPU.Build.0 = Release|Any CPU
		{C9D2D63D-784C-42E7-BCE0-A2BC6371E52C}.Debug|Any CPU.ActiveCfg = Debug|Any CPU
		{C9D2D63D-784C-42E7-BCE0-A2BC6371E52C}.Debug|Any CPU.Build.0 = Debug|Any CPU
		{C9D2D63D-784C-42E7-BCE0-A2BC6371E52C}.Release|Any CPU.ActiveCfg = Release|Any CPU
		{C9D2D63D-784C-42E7-BCE0-A2BC6371E52C}.Release|Any CPU.Build.0 = Release|Any CPU
		{056A86DE-DE5D-45C0-B739-CDA29FE7AA8F}.Debug|Any CPU.ActiveCfg = Debug|Any CPU
		{056A86DE-DE5D-45C0-B739-CDA29FE7AA8F}.Debug|Any CPU.Build.0 = Debug|Any CPU
		{056A86DE-DE5D-45C0-B739-CDA29FE7AA8F}.Release|Any CPU.ActiveCfg = Release|Any CPU
		{056A86DE-DE5D-45C0-B739-CDA29FE7AA8F}.Release|Any CPU.Build.0 = Release|Any CPU
	EndGlobalSection
	GlobalSection(SolutionProperties) = preSolution
		HideSolutionNode = FALSE
	EndGlobalSection
	GlobalSection(ExtensibilityGlobals) = postSolution
		SolutionGuid = {63F6326E-56DB-491E-B582-2BE9B82C8B7A}
	EndGlobalSection
EndGlobal
