
Microsoft Visual Studio Solution File, Format Version 12.00
# Visual Studio Version 17
VisualStudioVersion = 17.7.34221.43
MinimumVisualStudioVersion = 10.0.40219.1
Project("{FAE04EC0-301F-11D3-BF4B-00C04F79EFBC}") = "Exercise 1", "Exercise 1\Exercise 1.csproj", "{F43B94A3-8196-494D-857A-94FAF8595A57}"
EndProject
Project("{FAE04EC0-301F-11D3-BF4B-00C04F79EFBC}") = "Exercise 2", "Exercise 2\Exercise 2.csproj", "{08E3BDBC-D62F-4ACA-A99E-628CBC303416}"
EndProject
Global
	GlobalSection(SolutionConfigurationPlatforms) = preSolution
		Debug|Any CPU = Debug|Any CPU
		Release|Any CPU = Release|Any CPU
	EndGlobalSection
	GlobalSection(ProjectConfigurationPlatforms) = postSolution
		{F43B94A3-8196-494D-857A-94FAF8595A57}.Debug|Any CPU.ActiveCfg = Debug|Any CPU
		{F43B94A3-8196-494D-857A-94FAF8595A57}.Debug|Any CPU.Build.0 = Debug|Any CPU
		{F43B94A3-8196-494D-857A-94FAF8595A57}.Release|Any CPU.ActiveCfg = Release|Any CPU
		{F43B94A3-8196-494D-857A-94FAF8595A57}.Release|Any CPU.Build.0 = Release|Any CPU
		{08E3BDBC-D62F-4ACA-A99E-628CBC303416}.Debug|Any CPU.ActiveCfg = Debug|Any CPU
		{08E3BDBC-D62F-4ACA-A99E-628CBC303416}.Debug|Any CPU.Build.0 = Debug|Any CPU
		{08E3BDBC-D62F-4ACA-A99E-628CBC303416}.Release|Any CPU.ActiveCfg = Release|Any CPU
		{08E3BDBC-D62F-4ACA-A99E-628CBC303416}.Release|Any CPU.Build.0 = Release|Any CPU
	EndGlobalSection
	GlobalSection(SolutionProperties) = preSolution
		HideSolutionNode = FALSE
	EndGlobalSection
	GlobalSection(ExtensibilityGlobals) = postSolution
		SolutionGuid = {1B2B2C55-CFBC-422B-94C8-6EA47433F6BF}
	EndGlobalSection
EndGlobal
