
Microsoft Visual Studio Solution File, Format Version 12.00
# Visual Studio Version 17
VisualStudioVersion = 17.7.34221.43
MinimumVisualStudioVersion = 10.0.40219.1
Project("{FAE04EC0-301F-11D3-BF4B-00C04F79EFBC}") = "Exercise 1", "Exercise 1\Exercise 1.csproj", "{5EB8F280-9B50-4D85-AC91-8FD8DBE2285A}"
EndProject
Project("{FAE04EC0-301F-11D3-BF4B-00C04F79EFBC}") = "Exercise2", "Exercise2\Exercise2.csproj", "{5A3FCE05-6BCA-4DDF-82A1-E14D8E932AE5}"
EndProject
Global
	GlobalSection(SolutionConfigurationPlatforms) = preSolution
		Debug|Any CPU = Debug|Any CPU
		Release|Any CPU = Release|Any CPU
	EndGlobalSection
	GlobalSection(ProjectConfigurationPlatforms) = postSolution
		{5EB8F280-9B50-4D85-AC91-8FD8DBE2285A}.Debug|Any CPU.ActiveCfg = Debug|Any CPU
		{5EB8F280-9B50-4D85-AC91-8FD8DBE2285A}.Debug|Any CPU.Build.0 = Debug|Any CPU
		{5EB8F280-9B50-4D85-AC91-8FD8DBE2285A}.Release|Any CPU.ActiveCfg = Release|Any CPU
		{5EB8F280-9B50-4D85-AC91-8FD8DBE2285A}.Release|Any CPU.Build.0 = Release|Any CPU
		{5A3FCE05-6BCA-4DDF-82A1-E14D8E932AE5}.Debug|Any CPU.ActiveCfg = Debug|Any CPU
		{5A3FCE05-6BCA-4DDF-82A1-E14D8E932AE5}.Debug|Any CPU.Build.0 = Debug|Any CPU
		{5A3FCE05-6BCA-4DDF-82A1-E14D8E932AE5}.Release|Any CPU.ActiveCfg = Release|Any CPU
		{5A3FCE05-6BCA-4DDF-82A1-E14D8E932AE5}.Release|Any CPU.Build.0 = Release|Any CPU
	EndGlobalSection
	GlobalSection(SolutionProperties) = preSolution
		HideSolutionNode = FALSE
	EndGlobalSection
	GlobalSection(ExtensibilityGlobals) = postSolution
		SolutionGuid = {34C4CE37-A255-46FC-BF39-8269FD316992}
	EndGlobalSection
EndGlobal
