
Microsoft Visual Studio Solution File, Format Version 12.00
# Visual Studio Version 17
VisualStudioVersion = 17.7.34221.43
MinimumVisualStudioVersion = 10.0.40219.1
Project("{FAE04EC0-301F-11D3-BF4B-00C04F79EFBC}") = "Exercise1", "Exercise1\Exercise1.csproj", "{E07608D7-FCCA-4BC3-B2AA-E4DB5649F307}"
EndProject
Project("{FAE04EC0-301F-11D3-BF4B-00C04F79EFBC}") = "Exercise2", "Exercise2\Exercise2.csproj", "{C6C312F8-807F-455C-A511-8D6F588F7993}"
EndProject
Global
	GlobalSection(SolutionConfigurationPlatforms) = preSolution
		Debug|Any CPU = Debug|Any CPU
		Release|Any CPU = Release|Any CPU
	EndGlobalSection
	GlobalSection(ProjectConfigurationPlatforms) = postSolution
		{E07608D7-FCCA-4BC3-B2AA-E4DB5649F307}.Debug|Any CPU.ActiveCfg = Debug|Any CPU
		{E07608D7-FCCA-4BC3-B2AA-E4DB5649F307}.Debug|Any CPU.Build.0 = Debug|Any CPU
		{E07608D7-FCCA-4BC3-B2AA-E4DB5649F307}.Release|Any CPU.ActiveCfg = Release|Any CPU
		{E07608D7-FCCA-4BC3-B2AA-E4DB5649F307}.Release|Any CPU.Build.0 = Release|Any CPU
		{C6C312F8-807F-455C-A511-8D6F588F7993}.Debug|Any CPU.ActiveCfg = Debug|Any CPU
		{C6C312F8-807F-455C-A511-8D6F588F7993}.Debug|Any CPU.Build.0 = Debug|Any CPU
		{C6C312F8-807F-455C-A511-8D6F588F7993}.Release|Any CPU.ActiveCfg = Release|Any CPU
		{C6C312F8-807F-455C-A511-8D6F588F7993}.Release|Any CPU.Build.0 = Release|Any CPU
	EndGlobalSection
	GlobalSection(SolutionProperties) = preSolution
		HideSolutionNode = FALSE
	EndGlobalSection
	GlobalSection(ExtensibilityGlobals) = postSolution
		SolutionGuid = {025AAE14-FC04-48F0-A41C-614E7A58CD16}
	EndGlobalSection
EndGlobal
